
Microsoft Visual Studio Solution File, Format Version 12.00
# Visual Studio Version 16
VisualStudioVersion = 16.0.30523.141
MinimumVisualStudioVersion = 10.0.40219.1
Project("{FAE04EC0-301F-11D3-BF4B-00C04F79EFBC}") = "Ngsoft.Media", "Ngsoft.Media\Ngsoft.Media.csproj", "{0A55A321-08A0-4FC2-8F9C-0F79241DD663}"
EndProject
Global
	GlobalSection(SolutionConfigurationPlatforms) = preSolution
		Debug|Any CPU = Debug|Any CPU
		Release|Any CPU = Release|Any CPU
	EndGlobalSection
	GlobalSection(ProjectConfigurationPlatforms) = postSolution
		{0A55A321-08A0-4FC2-8F9C-0F79241DD663}.Debug|Any CPU.ActiveCfg = Debug|Any CPU
		{0A55A321-08A0-4FC2-8F9C-0F79241DD663}.Debug|Any CPU.Build.0 = Debug|Any CPU
		{0A55A321-08A0-4FC2-8F9C-0F79241DD663}.Release|Any CPU.ActiveCfg = Release|Any CPU
		{0A55A321-08A0-4FC2-8F9C-0F79241DD663}.Release|Any CPU.Build.0 = Release|Any CPU
	EndGlobalSection
	GlobalSection(SolutionProperties) = preSolution
		HideSolutionNode = FALSE
	EndGlobalSection
	GlobalSection(ExtensibilityGlobals) = postSolution
		SolutionGuid = {2B297866-ADDB-4357-994A-AAE7B3B911EC}
	EndGlobalSection
EndGlobal
